
Microsoft Visual Studio Solution File, Format Version 12.00
# Visual Studio Version 17
VisualStudioVersion = 17.4.33205.214
MinimumVisualStudioVersion = 10.0.40219.1
Project("{FAE04EC0-301F-11D3-BF4B-00C04F79EFBC}") = "To Do", "To Do\To Do.csproj", "{BF128519-BE42-4698-94F1-69EE558C5632}"
EndProject
Global
	GlobalSection(SolutionConfigurationPlatforms) = preSolution
		Debug|Any CPU = Debug|Any CPU
		Release|Any CPU = Release|Any CPU
	EndGlobalSection
	GlobalSection(ProjectConfigurationPlatforms) = postSolution
		{BF128519-BE42-4698-94F1-69EE558C5632}.Debug|Any CPU.ActiveCfg = Debug|Any CPU
		{BF128519-BE42-4698-94F1-69EE558C5632}.Debug|Any CPU.Build.0 = Debug|Any CPU
		{BF128519-BE42-4698-94F1-69EE558C5632}.Release|Any CPU.ActiveCfg = Release|Any CPU
		{BF128519-BE42-4698-94F1-69EE558C5632}.Release|Any CPU.Build.0 = Release|Any CPU
	EndGlobalSection
	GlobalSection(SolutionProperties) = preSolution
		HideSolutionNode = FALSE
	EndGlobalSection
	GlobalSection(ExtensibilityGlobals) = postSolution
		SolutionGuid = {0EAEB30C-B268-4263-A8A2-DEE4320FA9AE}
	EndGlobalSection
EndGlobal
